// !$*UTF8*$!
{
	archiveVersion = 1;
	classes = {
	};
	objectVersion = 52;
	objects = {

/* Begin PBXBuildFile section */
		BF10C394261A704C00B1E38C /* Lottie in Frameworks */ = {isa = PBXBuildFile; productRef = BF10C393261A704C00B1E38C /* Lottie */; };
		BF1CA95B262214D800A305B2 /* CamilerCollectionViewCell.swift in Sources */ = {isa = PBXBuildFile; fileRef = BF1CA959262214D800A305B2 /* CamilerCollectionViewCell.swift */; };
		BF1CA95C262214D800A305B2 /* CamilerCollectionViewCell.xib in Resources */ = {isa = PBXBuildFile; fileRef = BF1CA95A262214D800A305B2 /* CamilerCollectionViewCell.xib */; };
		BF1CA962262228CF00A305B2 /* KiliselerCollectionViewCell.swift in Sources */ = {isa = PBXBuildFile; fileRef = BF1CA960262228CF00A305B2 /* KiliselerCollectionViewCell.swift */; };
		BF1CA963262228CF00A305B2 /* KiliselerCollectionViewCell.xib in Resources */ = {isa = PBXBuildFile; fileRef = BF1CA961262228CF00A305B2 /* KiliselerCollectionViewCell.xib */; };
		BF1CA9692622327300A305B2 /* SaraylarCollectionViewCell.swift in Sources */ = {isa = PBXBuildFile; fileRef = BF1CA9672622327300A305B2 /* SaraylarCollectionViewCell.swift */; };
		BF1CA96A2622327300A305B2 /* SaraylarCollectionViewCell.xib in Resources */ = {isa = PBXBuildFile; fileRef = BF1CA9682622327300A305B2 /* SaraylarCollectionViewCell.xib */; };
		BF1CA97026223B6D00A305B2 /* KasirlarCollectionViewCell.swift in Sources */ = {isa = PBXBuildFile; fileRef = BF1CA96E26223B6D00A305B2 /* KasirlarCollectionViewCell.swift */; };
		BF1CA97126223B6D00A305B2 /* KasirlarCollectionViewCell.xib in Resources */ = {isa = PBXBuildFile; fileRef = BF1CA96F26223B6D00A305B2 /* KasirlarCollectionViewCell.xib */; };
		BF3185B1261A698A0071B3FF /* AppDelegate.swift in Sources */ = {isa = PBXBuildFile; fileRef = BF3185B0261A698A0071B3FF /* AppDelegate.swift */; };
		BF3185B3261A698A0071B3FF /* SceneDelegate.swift in Sources */ = {isa = PBXBuildFile; fileRef = BF3185B2261A698A0071B3FF /* SceneDelegate.swift */; };
		BF3185B5261A698A0071B3FF /* ViewController.swift in Sources */ = {isa = PBXBuildFile; fileRef = BF3185B4261A698A0071B3FF /* ViewController.swift */; };
		BF3185B8261A698A0071B3FF /* Main.storyboard in Resources */ = {isa = PBXBuildFile; fileRef = BF3185B6261A698A0071B3FF /* Main.storyboard */; };
		BF3185BB261A698A0071B3FF /* Istanbul_information_and_travel_guide.xcdatamodeld in Sources */ = {isa = PBXBuildFile; fileRef = BF3185B9261A698A0071B3FF /* Istanbul_information_and_travel_guide.xcdatamodeld */; };
		BF3185BD261A698C0071B3FF /* Assets.xcassets in Resources */ = {isa = PBXBuildFile; fileRef = BF3185BC261A698C0071B3FF /* Assets.xcassets */; };
		BF3185C0261A698C0071B3FF /* LaunchScreen.storyboard in Resources */ = {isa = PBXBuildFile; fileRef = BF3185BE261A698C0071B3FF /* LaunchScreen.storyboard */; };
		BF3185CB261A698D0071B3FF /* Istanbul_information_and_travel_guideTests.swift in Sources */ = {isa = PBXBuildFile; fileRef = BF3185CA261A698D0071B3FF /* Istanbul_information_and_travel_guideTests.swift */; };
		BF3185D6261A698D0071B3FF /* Istanbul_information_and_travel_guideUITests.swift in Sources */ = {isa = PBXBuildFile; fileRef = BF3185D5261A698D0071B3FF /* Istanbul_information_and_travel_guideUITests.swift */; };
		BF6C4F78261B430C00A821D3 /* map.json in Resources */ = {isa = PBXBuildFile; fileRef = BF6C4F77261B430C00A821D3 /* map.json */; };
		BF6C4FAB261B5BE900A821D3 /* RxSwift in Frameworks */ = {isa = PBXBuildFile; productRef = BF6C4FAA261B5BE900A821D3 /* RxSwift */; };
		BF6C4FAD261B5BE900A821D3 /* RxRelay in Frameworks */ = {isa = PBXBuildFile; productRef = BF6C4FAC261B5BE900A821D3 /* RxRelay */; };
		BF6C4FAF261B5BE900A821D3 /* RxCocoa in Frameworks */ = {isa = PBXBuildFile; productRef = BF6C4FAE261B5BE900A821D3 /* RxCocoa */; };
		BF6C4FB1261B5BE900A821D3 /* RxBlocking in Frameworks */ = {isa = PBXBuildFile; productRef = BF6C4FB0261B5BE900A821D3 /* RxBlocking */; };
		BF6C4FB7261B5CE700A821D3 /* Moya in Frameworks */ = {isa = PBXBuildFile; productRef = BF6C4FB6261B5CE700A821D3 /* Moya */; };
		BF6C4FB9261B5CE700A821D3 /* RxMoya in Frameworks */ = {isa = PBXBuildFile; productRef = BF6C4FB8261B5CE700A821D3 /* RxMoya */; };
		BF6C4FBB261B5CE700A821D3 /* ReactiveMoya in Frameworks */ = {isa = PBXBuildFile; productRef = BF6C4FBA261B5CE700A821D3 /* ReactiveMoya */; };
		BF6C4FC0261B5F4900A821D3 /* ReactiveCoordinator.swift in Sources */ = {isa = PBXBuildFile; fileRef = BF6C4FBF261B5F4900A821D3 /* ReactiveCoordinator.swift */; };
		BF6C4FC6261B609700A821D3 /* BaseVC.swift in Sources */ = {isa = PBXBuildFile; fileRef = BF6C4FC5261B609700A821D3 /* BaseVC.swift */; };
		BF6C4FCB261B60BB00A821D3 /* BaseVM.swift in Sources */ = {isa = PBXBuildFile; fileRef = BF6C4FCA261B60BB00A821D3 /* BaseVM.swift */; };
		BF6C4FD4261B619300A821D3 /* UIViewController + Extension.swift in Sources */ = {isa = PBXBuildFile; fileRef = BF6C4FD3261B619300A821D3 /* UIViewController + Extension.swift */; };
		BF6C4FDC261B62F800A821D3 /* SplashVM.swift in Sources */ = {isa = PBXBuildFile; fileRef = BF6C4FDB261B62F800A821D3 /* SplashVM.swift */; };
		BF6C4FE1261B635200A821D3 /* SplashCoordinator.swift in Sources */ = {isa = PBXBuildFile; fileRef = BF6C4FE0261B635200A821D3 /* SplashCoordinator.swift */; };
		BF6C4FE6261B672900A821D3 /* AppCoordinator.swift in Sources */ = {isa = PBXBuildFile; fileRef = BF6C4FE5261B672900A821D3 /* AppCoordinator.swift */; };
		BF6C4FEC261B683500A821D3 /* Atlantis in Frameworks */ = {isa = PBXBuildFile; productRef = BF6C4FEB261B683500A821D3 /* Atlantis */; };
		BF6C4FF6261B6DE700A821D3 /* MainVC.swift in Sources */ = {isa = PBXBuildFile; fileRef = BF6C4FF4261B6DE700A821D3 /* MainVC.swift */; };
		BF6C4FF7261B6DE700A821D3 /* MainVC.xib in Resources */ = {isa = PBXBuildFile; fileRef = BF6C4FF5261B6DE700A821D3 /* MainVC.xib */; };
		BF6C4FFC261B6EA400A821D3 /* MainVM.swift in Sources */ = {isa = PBXBuildFile; fileRef = BF6C4FFB261B6EA400A821D3 /* MainVM.swift */; };
		BF6C5001261B6ED000A821D3 /* MainCoordinator.swift in Sources */ = {isa = PBXBuildFile; fileRef = BF6C5000261B6ED000A821D3 /* MainCoordinator.swift */; };
		BF6C500A261BB06400A821D3 /* Tabs.swift in Sources */ = {isa = PBXBuildFile; fileRef = BF6C5009261BB06400A821D3 /* Tabs.swift */; };
		BF6C500F261BB14800A821D3 /* BaseTabBar.swift in Sources */ = {isa = PBXBuildFile; fileRef = BF6C500E261BB14800A821D3 /* BaseTabBar.swift */; };
		BF6C5014261BB1BE00A821D3 /* RawRepresentable.swift in Sources */ = {isa = PBXBuildFile; fileRef = BF6C5013261BB1BE00A821D3 /* RawRepresentable.swift */; };
		BF6C501D261BB32600A821D3 /* HomeCoordinator.swift in Sources */ = {isa = PBXBuildFile; fileRef = BF6C501C261BB32600A821D3 /* HomeCoordinator.swift */; };
		BF6C5029261BB38700A821D3 /* HomeVM.swift in Sources */ = {isa = PBXBuildFile; fileRef = BF6C5028261BB38700A821D3 /* HomeVM.swift */; };
		BF6CD70C261F12DB0045C0E6 /* istanbul.json in Resources */ = {isa = PBXBuildFile; fileRef = BF6CD70B261F12DB0045C0E6 /* istanbul.json */; };
		BF6CD712261F191B0045C0E6 /* IstanbulResponse.swift in Sources */ = {isa = PBXBuildFile; fileRef = BF6CD711261F191B0045C0E6 /* IstanbulResponse.swift */; };
		BF6CD724261F34670045C0E6 /* HomeVC.swift in Sources */ = {isa = PBXBuildFile; fileRef = BF6CD722261F34670045C0E6 /* HomeVC.swift */; };
		BF6CD725261F34670045C0E6 /* HomeVC.xib in Resources */ = {isa = PBXBuildFile; fileRef = BF6CD723261F34670045C0E6 /* HomeVC.xib */; };
		BF6CD72C261F49700045C0E6 /* HisarCollectionViewCell.swift in Sources */ = {isa = PBXBuildFile; fileRef = BF6CD72A261F49700045C0E6 /* HisarCollectionViewCell.swift */; };
		BF6CD72D261F49700045C0E6 /* HisarCollectionViewCell.xib in Resources */ = {isa = PBXBuildFile; fileRef = BF6CD72B261F49700045C0E6 /* HisarCollectionViewCell.xib */; };
		BF93665D262432320038E595 /* MimariYapilarCollectionViewCell.swift in Sources */ = {isa = PBXBuildFile; fileRef = BF93665B262432320038E595 /* MimariYapilarCollectionViewCell.swift */; };
		BF93665E262432320038E595 /* MimariYapilarCollectionViewCell.xib in Resources */ = {isa = PBXBuildFile; fileRef = BF93665C262432320038E595 /* MimariYapilarCollectionViewCell.xib */; };
		BF936664262439C20038E595 /* MeydanlarCollectionViewCell.swift in Sources */ = {isa = PBXBuildFile; fileRef = BF936662262439C20038E595 /* MeydanlarCollectionViewCell.swift */; };
		BF936665262439C20038E595 /* MeydanlarCollectionViewCell.xib in Resources */ = {isa = PBXBuildFile; fileRef = BF936663262439C20038E595 /* MeydanlarCollectionViewCell.xib */; };
		BFB8B79A262246450089A838 /* CarsilarCollectionViewCell.swift in Sources */ = {isa = PBXBuildFile; fileRef = BFB8B798262246450089A838 /* CarsilarCollectionViewCell.swift */; };
		BFB8B79B262246450089A838 /* CarsilarCollectionViewCell.xib in Resources */ = {isa = PBXBuildFile; fileRef = BFB8B799262246450089A838 /* CarsilarCollectionViewCell.xib */; };
		BFB8B7A1262363710089A838 /* MuzelerCollectionViewCell.swift in Sources */ = {isa = PBXBuildFile; fileRef = BFB8B79F262363710089A838 /* MuzelerCollectionViewCell.swift */; };
		BFB8B7A2262363710089A838 /* MuzelerCollectionViewCell.xib in Resources */ = {isa = PBXBuildFile; fileRef = BFB8B7A0262363710089A838 /* MuzelerCollectionViewCell.xib */; };
		BFC17A2526203C860053C1AE /* UIImageView+Download.swift in Sources */ = {isa = PBXBuildFile; fileRef = BFC17A2426203C860053C1AE /* UIImageView+Download.swift */; };
		BFC17A2B262044470053C1AE /* Differentiator in Frameworks */ = {isa = PBXBuildFile; productRef = BFC17A2A262044470053C1AE /* Differentiator */; };
		BFC17A2D262044470053C1AE /* RxDataSources in Frameworks */ = {isa = PBXBuildFile; productRef = BFC17A2C262044470053C1AE /* RxDataSources */; };
		BFC17A35262046930053C1AE /* DataSourceModel.swift in Sources */ = {isa = PBXBuildFile; fileRef = BFC17A34262046930053C1AE /* DataSourceModel.swift */; };
		BFC17A4226208EE00053C1AE /* HisarVCV.swift in Sources */ = {isa = PBXBuildFile; fileRef = BFC17A4026208EE00053C1AE /* HisarVCV.swift */; };
		BFC17A4326208EE00053C1AE /* HisarVCV.xib in Resources */ = {isa = PBXBuildFile; fileRef = BFC17A4126208EE00053C1AE /* HisarVCV.xib */; };
		BFC17A4B26208EFA0053C1AE /* HisarVM.swift in Sources */ = {isa = PBXBuildFile; fileRef = BFC17A4A26208EFA0053C1AE /* HisarVM.swift */; };
		BFC17A50262090EF0053C1AE /* HisarCoordinator.swift in Sources */ = {isa = PBXBuildFile; fileRef = BFC17A4F262090EF0053C1AE /* HisarCoordinator.swift */; };
		BFC17A5526209FB10053C1AE /* UIColor+Extension.swift in Sources */ = {isa = PBXBuildFile; fileRef = BFC17A5426209FB10053C1AE /* UIColor+Extension.swift */; };
		BFDB20D726246A56009FB472 /* NotificationsVC.swift in Sources */ = {isa = PBXBuildFile; fileRef = BFDB20D526246A56009FB472 /* NotificationsVC.swift */; };
		BFDB20D826246A56009FB472 /* NotificationsVC.xib in Resources */ = {isa = PBXBuildFile; fileRef = BFDB20D626246A56009FB472 /* NotificationsVC.xib */; };
		BFDB20DD26246A88009FB472 /* NotificationVM.swift in Sources */ = {isa = PBXBuildFile; fileRef = BFDB20DC26246A88009FB472 /* NotificationVM.swift */; };
		BFDB20E226246AE7009FB472 /* NotificationCoordinator.swift in Sources */ = {isa = PBXBuildFile; fileRef = BFDB20E126246AE7009FB472 /* NotificationCoordinator.swift */; };
		BFDB20E726246F98009FB472 /* NotificationResponse.swift in Sources */ = {isa = PBXBuildFile; fileRef = BFDB20E626246F98009FB472 /* NotificationResponse.swift */; };
		BFDB20ED26246FDA009FB472 /* API.swift in Sources */ = {isa = PBXBuildFile; fileRef = BFDB20EC26246FDA009FB472 /* API.swift */; };
		BFDB20F526246FEE009FB472 /* NetworkManager.swift in Sources */ = {isa = PBXBuildFile; fileRef = BFDB20F426246FEE009FB472 /* NetworkManager.swift */; };
		BFDB20FB2624954D009FB472 /* NotificationTableViewCell.swift in Sources */ = {isa = PBXBuildFile; fileRef = BFDB20F92624954D009FB472 /* NotificationTableViewCell.swift */; };
		BFDB20FC2624954D009FB472 /* NotificationTableViewCell.xib in Resources */ = {isa = PBXBuildFile; fileRef = BFDB20FA2624954D009FB472 /* NotificationTableViewCell.xib */; };
/* End PBXBuildFile section */

/* Begin PBXContainerItemProxy section */
		BF3185C7261A698D0071B3FF /* PBXContainerItemProxy */ = {
			isa = PBXContainerItemProxy;
			containerPortal = BF3185A5261A698A0071B3FF /* Project object */;
			proxyType = 1;
			remoteGlobalIDString = BF3185AC261A698A0071B3FF;
			remoteInfo = "Istanbul information and travel guide";
		};
		BF3185D2261A698D0071B3FF /* PBXContainerItemProxy */ = {
			isa = PBXContainerItemProxy;
			containerPortal = BF3185A5261A698A0071B3FF /* Project object */;
			proxyType = 1;
			remoteGlobalIDString = BF3185AC261A698A0071B3FF;
			remoteInfo = "Istanbul information and travel guide";
		};
/* End PBXContainerItemProxy section */

/* Begin PBXFileReference section */
		BF1CA959262214D800A305B2 /* CamilerCollectionViewCell.swift */ = {isa = PBXFileReference; lastKnownFileType = sourcecode.swift; path = CamilerCollectionViewCell.swift; sourceTree = "<group>"; };
		BF1CA95A262214D800A305B2 /* CamilerCollectionViewCell.xib */ = {isa = PBXFileReference; lastKnownFileType = file.xib; path = CamilerCollectionViewCell.xib; sourceTree = "<group>"; };
		BF1CA960262228CF00A305B2 /* KiliselerCollectionViewCell.swift */ = {isa = PBXFileReference; lastKnownFileType = sourcecode.swift; path = KiliselerCollectionViewCell.swift; sourceTree = "<group>"; };
		BF1CA961262228CF00A305B2 /* KiliselerCollectionViewCell.xib */ = {isa = PBXFileReference; lastKnownFileType = file.xib; path = KiliselerCollectionViewCell.xib; sourceTree = "<group>"; };
		BF1CA9672622327300A305B2 /* SaraylarCollectionViewCell.swift */ = {isa = PBXFileReference; lastKnownFileType = sourcecode.swift; path = SaraylarCollectionViewCell.swift; sourceTree = "<group>"; };
		BF1CA9682622327300A305B2 /* SaraylarCollectionViewCell.xib */ = {isa = PBXFileReference; lastKnownFileType = file.xib; path = SaraylarCollectionViewCell.xib; sourceTree = "<group>"; };
		BF1CA96E26223B6D00A305B2 /* KasirlarCollectionViewCell.swift */ = {isa = PBXFileReference; lastKnownFileType = sourcecode.swift; path = KasirlarCollectionViewCell.swift; sourceTree = "<group>"; };
		BF1CA96F26223B6D00A305B2 /* KasirlarCollectionViewCell.xib */ = {isa = PBXFileReference; lastKnownFileType = file.xib; path = KasirlarCollectionViewCell.xib; sourceTree = "<group>"; };
		BF3185AD261A698A0071B3FF /* Istanbul information and travel guide.app */ = {isa = PBXFileReference; explicitFileType = wrapper.application; includeInIndex = 0; path = "Istanbul information and travel guide.app"; sourceTree = BUILT_PRODUCTS_DIR; };
		BF3185B0261A698A0071B3FF /* AppDelegate.swift */ = {isa = PBXFileReference; lastKnownFileType = sourcecode.swift; path = AppDelegate.swift; sourceTree = "<group>"; };
		BF3185B2261A698A0071B3FF /* SceneDelegate.swift */ = {isa = PBXFileReference; lastKnownFileType = sourcecode.swift; path = SceneDelegate.swift; sourceTree = "<group>"; };
		BF3185B4261A698A0071B3FF /* ViewController.swift */ = {isa = PBXFileReference; lastKnownFileType = sourcecode.swift; path = ViewController.swift; sourceTree = "<group>"; };
		BF3185B7261A698A0071B3FF /* Base */ = {isa = PBXFileReference; lastKnownFileType = file.storyboard; name = Base; path = Base.lproj/Main.storyboard; sourceTree = "<group>"; };
		BF3185BA261A698A0071B3FF /* Istanbul_information_and_travel_guide.xcdatamodel */ = {isa = PBXFileReference; lastKnownFileType = wrapper.xcdatamodel; path = Istanbul_information_and_travel_guide.xcdatamodel; sourceTree = "<group>"; };
		BF3185BC261A698C0071B3FF /* Assets.xcassets */ = {isa = PBXFileReference; lastKnownFileType = folder.assetcatalog; path = Assets.xcassets; sourceTree = "<group>"; };
		BF3185BF261A698C0071B3FF /* Base */ = {isa = PBXFileReference; lastKnownFileType = file.storyboard; name = Base; path = Base.lproj/LaunchScreen.storyboard; sourceTree = "<group>"; };
		BF3185C1261A698C0071B3FF /* Info.plist */ = {isa = PBXFileReference; lastKnownFileType = text.plist.xml; path = Info.plist; sourceTree = "<group>"; };
		BF3185C6261A698D0071B3FF /* Istanbul information and travel guideTests.xctest */ = {isa = PBXFileReference; explicitFileType = wrapper.cfbundle; includeInIndex = 0; path = "Istanbul information and travel guideTests.xctest"; sourceTree = BUILT_PRODUCTS_DIR; };
		BF3185CA261A698D0071B3FF /* Istanbul_information_and_travel_guideTests.swift */ = {isa = PBXFileReference; lastKnownFileType = sourcecode.swift; path = Istanbul_information_and_travel_guideTests.swift; sourceTree = "<group>"; };
		BF3185CC261A698D0071B3FF /* Info.plist */ = {isa = PBXFileReference; lastKnownFileType = text.plist.xml; path = Info.plist; sourceTree = "<group>"; };
		BF3185D1261A698D0071B3FF /* Istanbul information and travel guideUITests.xctest */ = {isa = PBXFileReference; explicitFileType = wrapper.cfbundle; includeInIndex = 0; path = "Istanbul information and travel guideUITests.xctest"; sourceTree = BUILT_PRODUCTS_DIR; };
		BF3185D5261A698D0071B3FF /* Istanbul_information_and_travel_guideUITests.swift */ = {isa = PBXFileReference; lastKnownFileType = sourcecode.swift; path = Istanbul_information_and_travel_guideUITests.swift; sourceTree = "<group>"; };
		BF3185D7261A698D0071B3FF /* Info.plist */ = {isa = PBXFileReference; lastKnownFileType = text.plist.xml; path = Info.plist; sourceTree = "<group>"; };
		BF6C4F77261B430C00A821D3 /* map.json */ = {isa = PBXFileReference; fileEncoding = 4; lastKnownFileType = text.json; name = map.json; path = ../../../../../../../Downloads/map.json; sourceTree = "<group>"; };
		BF6C4FBF261B5F4900A821D3 /* ReactiveCoordinator.swift */ = {isa = PBXFileReference; lastKnownFileType = sourcecode.swift; path = ReactiveCoordinator.swift; sourceTree = "<group>"; };
		BF6C4FC5261B609700A821D3 /* BaseVC.swift */ = {isa = PBXFileReference; lastKnownFileType = sourcecode.swift; path = BaseVC.swift; sourceTree = "<group>"; };
		BF6C4FCA261B60BB00A821D3 /* BaseVM.swift */ = {isa = PBXFileReference; lastKnownFileType = sourcecode.swift; path = BaseVM.swift; sourceTree = "<group>"; };
		BF6C4FD3261B619300A821D3 /* UIViewController + Extension.swift */ = {isa = PBXFileReference; lastKnownFileType = sourcecode.swift; path = "UIViewController + Extension.swift"; sourceTree = "<group>"; };
		BF6C4FDB261B62F800A821D3 /* SplashVM.swift */ = {isa = PBXFileReference; lastKnownFileType = sourcecode.swift; path = SplashVM.swift; sourceTree = "<group>"; };
		BF6C4FE0261B635200A821D3 /* SplashCoordinator.swift */ = {isa = PBXFileReference; lastKnownFileType = sourcecode.swift; path = SplashCoordinator.swift; sourceTree = "<group>"; };
		BF6C4FE5261B672900A821D3 /* AppCoordinator.swift */ = {isa = PBXFileReference; lastKnownFileType = sourcecode.swift; path = AppCoordinator.swift; sourceTree = "<group>"; };
		BF6C4FF4261B6DE700A821D3 /* MainVC.swift */ = {isa = PBXFileReference; lastKnownFileType = sourcecode.swift; path = MainVC.swift; sourceTree = "<group>"; };
		BF6C4FF5261B6DE700A821D3 /* MainVC.xib */ = {isa = PBXFileReference; lastKnownFileType = file.xib; path = MainVC.xib; sourceTree = "<group>"; };
		BF6C4FFB261B6EA400A821D3 /* MainVM.swift */ = {isa = PBXFileReference; lastKnownFileType = sourcecode.swift; path = MainVM.swift; sourceTree = "<group>"; };
		BF6C5000261B6ED000A821D3 /* MainCoordinator.swift */ = {isa = PBXFileReference; lastKnownFileType = sourcecode.swift; path = MainCoordinator.swift; sourceTree = "<group>"; };
		BF6C5009261BB06400A821D3 /* Tabs.swift */ = {isa = PBXFileReference; lastKnownFileType = sourcecode.swift; path = Tabs.swift; sourceTree = "<group>"; };
		BF6C500E261BB14800A821D3 /* BaseTabBar.swift */ = {isa = PBXFileReference; lastKnownFileType = sourcecode.swift; path = BaseTabBar.swift; sourceTree = "<group>"; };
		BF6C5013261BB1BE00A821D3 /* RawRepresentable.swift */ = {isa = PBXFileReference; lastKnownFileType = sourcecode.swift; path = RawRepresentable.swift; sourceTree = "<group>"; };
		BF6C501C261BB32600A821D3 /* HomeCoordinator.swift */ = {isa = PBXFileReference; lastKnownFileType = sourcecode.swift; path = HomeCoordinator.swift; sourceTree = "<group>"; };
		BF6C5028261BB38700A821D3 /* HomeVM.swift */ = {isa = PBXFileReference; lastKnownFileType = sourcecode.swift; path = HomeVM.swift; sourceTree = "<group>"; };
		BF6CD70B261F12DB0045C0E6 /* istanbul.json */ = {isa = PBXFileReference; fileEncoding = 4; lastKnownFileType = text.json; path = istanbul.json; sourceTree = "<group>"; };
		BF6CD711261F191B0045C0E6 /* IstanbulResponse.swift */ = {isa = PBXFileReference; lastKnownFileType = sourcecode.swift; path = IstanbulResponse.swift; sourceTree = "<group>"; };
		BF6CD722261F34670045C0E6 /* HomeVC.swift */ = {isa = PBXFileReference; lastKnownFileType = sourcecode.swift; path = HomeVC.swift; sourceTree = "<group>"; };
		BF6CD723261F34670045C0E6 /* HomeVC.xib */ = {isa = PBXFileReference; lastKnownFileType = file.xib; path = HomeVC.xib; sourceTree = "<group>"; };
		BF6CD72A261F49700045C0E6 /* HisarCollectionViewCell.swift */ = {isa = PBXFileReference; lastKnownFileType = sourcecode.swift; path = HisarCollectionViewCell.swift; sourceTree = "<group>"; };
		BF6CD72B261F49700045C0E6 /* HisarCollectionViewCell.xib */ = {isa = PBXFileReference; lastKnownFileType = file.xib; path = HisarCollectionViewCell.xib; sourceTree = "<group>"; };
		BF93665B262432320038E595 /* MimariYapilarCollectionViewCell.swift */ = {isa = PBXFileReference; lastKnownFileType = sourcecode.swift; path = MimariYapilarCollectionViewCell.swift; sourceTree = "<group>"; };
		BF93665C262432320038E595 /* MimariYapilarCollectionViewCell.xib */ = {isa = PBXFileReference; lastKnownFileType = file.xib; path = MimariYapilarCollectionViewCell.xib; sourceTree = "<group>"; };
		BF936662262439C20038E595 /* MeydanlarCollectionViewCell.swift */ = {isa = PBXFileReference; lastKnownFileType = sourcecode.swift; path = MeydanlarCollectionViewCell.swift; sourceTree = "<group>"; };
		BF936663262439C20038E595 /* MeydanlarCollectionViewCell.xib */ = {isa = PBXFileReference; lastKnownFileType = file.xib; path = MeydanlarCollectionViewCell.xib; sourceTree = "<group>"; };
		BFB8B798262246450089A838 /* CarsilarCollectionViewCell.swift */ = {isa = PBXFileReference; lastKnownFileType = sourcecode.swift; path = CarsilarCollectionViewCell.swift; sourceTree = "<group>"; };
		BFB8B799262246450089A838 /* CarsilarCollectionViewCell.xib */ = {isa = PBXFileReference; lastKnownFileType = file.xib; path = CarsilarCollectionViewCell.xib; sourceTree = "<group>"; };
		BFB8B79F262363710089A838 /* MuzelerCollectionViewCell.swift */ = {isa = PBXFileReference; lastKnownFileType = sourcecode.swift; path = MuzelerCollectionViewCell.swift; sourceTree = "<group>"; };
		BFB8B7A0262363710089A838 /* MuzelerCollectionViewCell.xib */ = {isa = PBXFileReference; lastKnownFileType = file.xib; path = MuzelerCollectionViewCell.xib; sourceTree = "<group>"; };
		BFC17A2426203C860053C1AE /* UIImageView+Download.swift */ = {isa = PBXFileReference; lastKnownFileType = sourcecode.swift; path = "UIImageView+Download.swift"; sourceTree = "<group>"; };
		BFC17A34262046930053C1AE /* DataSourceModel.swift */ = {isa = PBXFileReference; lastKnownFileType = sourcecode.swift; path = DataSourceModel.swift; sourceTree = "<group>"; };
		BFC17A4026208EE00053C1AE /* HisarVCV.swift */ = {isa = PBXFileReference; lastKnownFileType = sourcecode.swift; path = HisarVCV.swift; sourceTree = "<group>"; };
		BFC17A4126208EE00053C1AE /* HisarVCV.xib */ = {isa = PBXFileReference; lastKnownFileType = file.xib; path = HisarVCV.xib; sourceTree = "<group>"; };
		BFC17A4A26208EFA0053C1AE /* HisarVM.swift */ = {isa = PBXFileReference; lastKnownFileType = sourcecode.swift; path = HisarVM.swift; sourceTree = "<group>"; };
		BFC17A4F262090EF0053C1AE /* HisarCoordinator.swift */ = {isa = PBXFileReference; lastKnownFileType = sourcecode.swift; path = HisarCoordinator.swift; sourceTree = "<group>"; };
		BFC17A5426209FB10053C1AE /* UIColor+Extension.swift */ = {isa = PBXFileReference; lastKnownFileType = sourcecode.swift; path = "UIColor+Extension.swift"; sourceTree = "<group>"; };
		BFDB20D526246A56009FB472 /* NotificationsVC.swift */ = {isa = PBXFileReference; lastKnownFileType = sourcecode.swift; path = NotificationsVC.swift; sourceTree = "<group>"; };
		BFDB20D626246A56009FB472 /* NotificationsVC.xib */ = {isa = PBXFileReference; lastKnownFileType = file.xib; path = NotificationsVC.xib; sourceTree = "<group>"; };
		BFDB20DC26246A88009FB472 /* NotificationVM.swift */ = {isa = PBXFileReference; lastKnownFileType = sourcecode.swift; path = NotificationVM.swift; sourceTree = "<group>"; };
		BFDB20E126246AE7009FB472 /* NotificationCoordinator.swift */ = {isa = PBXFileReference; lastKnownFileType = sourcecode.swift; path = NotificationCoordinator.swift; sourceTree = "<group>"; };
		BFDB20E626246F98009FB472 /* NotificationResponse.swift */ = {isa = PBXFileReference; lastKnownFileType = sourcecode.swift; path = NotificationResponse.swift; sourceTree = "<group>"; };
		BFDB20EC26246FDA009FB472 /* API.swift */ = {isa = PBXFileReference; lastKnownFileType = sourcecode.swift; path = API.swift; sourceTree = "<group>"; };
		BFDB20F426246FEE009FB472 /* NetworkManager.swift */ = {isa = PBXFileReference; lastKnownFileType = sourcecode.swift; path = NetworkManager.swift; sourceTree = "<group>"; };
		BFDB20F92624954D009FB472 /* NotificationTableViewCell.swift */ = {isa = PBXFileReference; lastKnownFileType = sourcecode.swift; path = NotificationTableViewCell.swift; sourceTree = "<group>"; };
		BFDB20FA2624954D009FB472 /* NotificationTableViewCell.xib */ = {isa = PBXFileReference; lastKnownFileType = file.xib; path = NotificationTableViewCell.xib; sourceTree = "<group>"; };
/* End PBXFileReference section */

/* Begin PBXFrameworksBuildPhase section */
		BF3185AA261A698A0071B3FF /* Frameworks */ = {
			isa = PBXFrameworksBuildPhase;
			buildActionMask = 2147483647;
			files = (
				BF6C4FAD261B5BE900A821D3 /* RxRelay in Frameworks */,
				BF6C4FAB261B5BE900A821D3 /* RxSwift in Frameworks */,
				BF6C4FB7261B5CE700A821D3 /* Moya in Frameworks */,
				BF6C4FAF261B5BE900A821D3 /* RxCocoa in Frameworks */,
				BF6C4FB9261B5CE700A821D3 /* RxMoya in Frameworks */,
				BFC17A2D262044470053C1AE /* RxDataSources in Frameworks */,
				BF6C4FBB261B5CE700A821D3 /* ReactiveMoya in Frameworks */,
				BFC17A2B262044470053C1AE /* Differentiator in Frameworks */,
				BF10C394261A704C00B1E38C /* Lottie in Frameworks */,
				BF6C4FEC261B683500A821D3 /* Atlantis in Frameworks */,
				BF6C4FB1261B5BE900A821D3 /* RxBlocking in Frameworks */,
			);
			runOnlyForDeploymentPostprocessing = 0;
		};
		BF3185C3261A698D0071B3FF /* Frameworks */ = {
			isa = PBXFrameworksBuildPhase;
			buildActionMask = 2147483647;
			files = (
			);
			runOnlyForDeploymentPostprocessing = 0;
		};
		BF3185CE261A698D0071B3FF /* Frameworks */ = {
			isa = PBXFrameworksBuildPhase;
			buildActionMask = 2147483647;
			files = (
			);
			runOnlyForDeploymentPostprocessing = 0;
		};
/* End PBXFrameworksBuildPhase section */

/* Begin PBXGroup section */
		BF3185A4261A698A0071B3FF = {
			isa = PBXGroup;
			children = (
				BF3185AF261A698A0071B3FF /* Istanbul information and travel guide */,
				BF3185C9261A698D0071B3FF /* Istanbul information and travel guideTests */,
				BF3185D4261A698D0071B3FF /* Istanbul information and travel guideUITests */,
				BF3185AE261A698A0071B3FF /* Products */,
			);
			sourceTree = "<group>";
		};
		BF3185AE261A698A0071B3FF /* Products */ = {
			isa = PBXGroup;
			children = (
				BF3185AD261A698A0071B3FF /* Istanbul information and travel guide.app */,
				BF3185C6261A698D0071B3FF /* Istanbul information and travel guideTests.xctest */,
				BF3185D1261A698D0071B3FF /* Istanbul information and travel guideUITests.xctest */,
			);
			name = Products;
			sourceTree = "<group>";
		};
		BF3185AF261A698A0071B3FF /* Istanbul information and travel guide */ = {
			isa = PBXGroup;
			children = (
				BFDB20EB26246FCD009FB472 /* Network */,
				BF6C4FD2261B615C00A821D3 /* Utils */,
				BF6CD710261F18B10045C0E6 /* Model */,
				BF6CD70A261F12C90045C0E6 /* Resources */,
				BF6C4FC4261B605800A821D3 /* Base */,
				BF6C4F7F261B579400A821D3 /* App */,
				BF6C4F75261B428400A821D3 /* Assets */,
				BF6C4F74261B427300A821D3 /* Modules */,
				BF3185C1261A698C0071B3FF /* Info.plist */,
				BF3185B9261A698A0071B3FF /* Istanbul_information_and_travel_guide.xcdatamodeld */,
			);
			path = "Istanbul information and travel guide";
			sourceTree = "<group>";
		};
		BF3185C9261A698D0071B3FF /* Istanbul information and travel guideTests */ = {
			isa = PBXGroup;
			children = (
				BF3185CA261A698D0071B3FF /* Istanbul_information_and_travel_guideTests.swift */,
				BF3185CC261A698D0071B3FF /* Info.plist */,
			);
			path = "Istanbul information and travel guideTests";
			sourceTree = "<group>";
		};
		BF3185D4261A698D0071B3FF /* Istanbul information and travel guideUITests */ = {
			isa = PBXGroup;
			children = (
				BF3185D5261A698D0071B3FF /* Istanbul_information_and_travel_guideUITests.swift */,
				BF3185D7261A698D0071B3FF /* Info.plist */,
			);
			path = "Istanbul information and travel guideUITests";
			sourceTree = "<group>";
		};
		BF6C4F74261B427300A821D3 /* Modules */ = {
			isa = PBXGroup;
			children = (
				BFDB20D02624697B009FB472 /* Notifications */,
				BFC17A3C26208C5A0053C1AE /* Hisaralar */,
				BF6C5018261BB2BC00A821D3 /* Home */,
				BF6C4FF0261B6DAF00A821D3 /* Main */,
				BF6C4F76261B429E00A821D3 /* Splash */,
			);
			path = Modules;
			sourceTree = "<group>";
		};
		BF6C4F75261B428400A821D3 /* Assets */ = {
			isa = PBXGroup;
			children = (
				BF6C4F77261B430C00A821D3 /* map.json */,
				BF3185BC261A698C0071B3FF /* Assets.xcassets */,
			);
			path = Assets;
			sourceTree = "<group>";
		};
		BF6C4F76261B429E00A821D3 /* Splash */ = {
			isa = PBXGroup;
			children = (
				BF6C4F7E261B56FD00A821D3 /* Coordinator */,
				BF6C4F7D261B56F500A821D3 /* ViewModel */,
				BF6C4F7C261B56E800A821D3 /* View */,
			);
			path = Splash;
			sourceTree = "<group>";
		};
		BF6C4F7C261B56E800A821D3 /* View */ = {
			isa = PBXGroup;
			children = (
				BF3185B4261A698A0071B3FF /* ViewController.swift */,
				BF3185B6261A698A0071B3FF /* Main.storyboard */,
			);
			path = View;
			sourceTree = "<group>";
		};
		BF6C4F7D261B56F500A821D3 /* ViewModel */ = {
			isa = PBXGroup;
			children = (
				BF6C4FDB261B62F800A821D3 /* SplashVM.swift */,
			);
			path = ViewModel;
			sourceTree = "<group>";
		};
		BF6C4F7E261B56FD00A821D3 /* Coordinator */ = {
			isa = PBXGroup;
			children = (
				BF6C4FE0261B635200A821D3 /* SplashCoordinator.swift */,
			);
			path = Coordinator;
			sourceTree = "<group>";
		};
		BF6C4F7F261B579400A821D3 /* App */ = {
			isa = PBXGroup;
			children = (
				BF3185B0261A698A0071B3FF /* AppDelegate.swift */,
				BF3185B2261A698A0071B3FF /* SceneDelegate.swift */,
				BF6C4FBF261B5F4900A821D3 /* ReactiveCoordinator.swift */,
				BF3185BE261A698C0071B3FF /* LaunchScreen.storyboard */,
				BF6C4FE5261B672900A821D3 /* AppCoordinator.swift */,
			);
			path = App;
			sourceTree = "<group>";
		};
		BF6C4FC4261B605800A821D3 /* Base */ = {
			isa = PBXGroup;
			children = (
				BF6C4FC5261B609700A821D3 /* BaseVC.swift */,
				BF6C4FCA261B60BB00A821D3 /* BaseVM.swift */,
				BF6C500E261BB14800A821D3 /* BaseTabBar.swift */,
			);
			path = Base;
			sourceTree = "<group>";
		};
		BF6C4FD2261B615C00A821D3 /* Utils */ = {
			isa = PBXGroup;
			children = (
				BF6C4FD3261B619300A821D3 /* UIViewController + Extension.swift */,
				BF6C5013261BB1BE00A821D3 /* RawRepresentable.swift */,
				BFC17A2426203C860053C1AE /* UIImageView+Download.swift */,
				BFC17A5426209FB10053C1AE /* UIColor+Extension.swift */,
			);
			path = Utils;
			sourceTree = "<group>";
		};
		BF6C4FF0261B6DAF00A821D3 /* Main */ = {
			isa = PBXGroup;
			children = (
				BF6C5008261BB05500A821D3 /* Model */,
				BF6C4FF3261B6DC800A821D3 /* ViewModel */,
				BF6C4FF2261B6DBA00A821D3 /* Coordinator */,
				BF6C4FF1261B6DB500A821D3 /* View */,
			);
			path = Main;
			sourceTree = "<group>";
		};
		BF6C4FF1261B6DB500A821D3 /* View */ = {
			isa = PBXGroup;
			children = (
				BF6C4FF4261B6DE700A821D3 /* MainVC.swift */,
				BF6C4FF5261B6DE700A821D3 /* MainVC.xib */,
			);
			path = View;
			sourceTree = "<group>";
		};
		BF6C4FF2261B6DBA00A821D3 /* Coordinator */ = {
			isa = PBXGroup;
			children = (
				BF6C5000261B6ED000A821D3 /* MainCoordinator.swift */,
			);
			path = Coordinator;
			sourceTree = "<group>";
		};
		BF6C4FF3261B6DC800A821D3 /* ViewModel */ = {
			isa = PBXGroup;
			children = (
				BF6C4FFB261B6EA400A821D3 /* MainVM.swift */,
			);
			path = ViewModel;
			sourceTree = "<group>";
		};
		BF6C5008261BB05500A821D3 /* Model */ = {
			isa = PBXGroup;
			children = (
				BF6C5009261BB06400A821D3 /* Tabs.swift */,
			);
			path = Model;
			sourceTree = "<group>";
		};
		BF6C5018261BB2BC00A821D3 /* Home */ = {
			isa = PBXGroup;
			children = (
				BF6CD729261F49440045C0E6 /* Cell */,
				BF6C501B261BB2E900A821D3 /* Coordinator */,
				BF6C501A261BB2E200A821D3 /* ViewModel */,
				BF6C5019261BB2DB00A821D3 /* View */,
			);
			path = Home;
			sourceTree = "<group>";
		};
		BF6C5019261BB2DB00A821D3 /* View */ = {
			isa = PBXGroup;
			children = (
				BF6CD722261F34670045C0E6 /* HomeVC.swift */,
				BF6CD723261F34670045C0E6 /* HomeVC.xib */,
			);
			path = View;
			sourceTree = "<group>";
		};
		BF6C501A261BB2E200A821D3 /* ViewModel */ = {
			isa = PBXGroup;
			children = (
				BF6C5028261BB38700A821D3 /* HomeVM.swift */,
			);
			path = ViewModel;
			sourceTree = "<group>";
		};
		BF6C501B261BB2E900A821D3 /* Coordinator */ = {
			isa = PBXGroup;
			children = (
				BF6C501C261BB32600A821D3 /* HomeCoordinator.swift */,
			);
			path = Coordinator;
			sourceTree = "<group>";
		};
		BF6CD70A261F12C90045C0E6 /* Resources */ = {
			isa = PBXGroup;
			children = (
				BF6CD70B261F12DB0045C0E6 /* istanbul.json */,
			);
			path = Resources;
			sourceTree = "<group>";
		};
		BF6CD710261F18B10045C0E6 /* Model */ = {
			isa = PBXGroup;
			children = (
				BF6CD711261F191B0045C0E6 /* IstanbulResponse.swift */,
				BFC17A34262046930053C1AE /* DataSourceModel.swift */,
				BFDB20E626246F98009FB472 /* NotificationResponse.swift */,
			);
			path = Model;
			sourceTree = "<group>";
		};
		BF6CD729261F49440045C0E6 /* Cell */ = {
			isa = PBXGroup;
			children = (
				BF6CD72A261F49700045C0E6 /* HisarCollectionViewCell.swift */,
				BF6CD72B261F49700045C0E6 /* HisarCollectionViewCell.xib */,
				BF1CA959262214D800A305B2 /* CamilerCollectionViewCell.swift */,
				BF1CA95A262214D800A305B2 /* CamilerCollectionViewCell.xib */,
				BF1CA960262228CF00A305B2 /* KiliselerCollectionViewCell.swift */,
				BF1CA961262228CF00A305B2 /* KiliselerCollectionViewCell.xib */,
				BF1CA9672622327300A305B2 /* SaraylarCollectionViewCell.swift */,
				BF1CA9682622327300A305B2 /* SaraylarCollectionViewCell.xib */,
				BF1CA96E26223B6D00A305B2 /* KasirlarCollectionViewCell.swift */,
				BF1CA96F26223B6D00A305B2 /* KasirlarCollectionViewCell.xib */,
				BFB8B798262246450089A838 /* CarsilarCollectionViewCell.swift */,
				BFB8B799262246450089A838 /* CarsilarCollectionViewCell.xib */,
				BFB8B79F262363710089A838 /* MuzelerCollectionViewCell.swift */,
				BFB8B7A0262363710089A838 /* MuzelerCollectionViewCell.xib */,
				BF93665B262432320038E595 /* MimariYapilarCollectionViewCell.swift */,
				BF93665C262432320038E595 /* MimariYapilarCollectionViewCell.xib */,
				BF936662262439C20038E595 /* MeydanlarCollectionViewCell.swift */,
				BF936663262439C20038E595 /* MeydanlarCollectionViewCell.xib */,
			);
			path = Cell;
			sourceTree = "<group>";
		};
		BFC17A3C26208C5A0053C1AE /* Hisaralar */ = {
			isa = PBXGroup;
			children = (
				BFC17A3F26208C780053C1AE /* Coordinator */,
				BFC17A3E26208C720053C1AE /* ViewModel */,
				BFC17A3D26208C640053C1AE /* View */,
			);
			path = Hisaralar;
			sourceTree = "<group>";
		};
		BFC17A3D26208C640053C1AE /* View */ = {
			isa = PBXGroup;
			children = (
				BFC17A4026208EE00053C1AE /* HisarVCV.swift */,
				BFC17A4126208EE00053C1AE /* HisarVCV.xib */,
			);
			path = View;
			sourceTree = "<group>";
		};
		BFC17A3E26208C720053C1AE /* ViewModel */ = {
			isa = PBXGroup;
			children = (
				BFC17A4A26208EFA0053C1AE /* HisarVM.swift */,
			);
			path = ViewModel;
			sourceTree = "<group>";
		};
		BFC17A3F26208C780053C1AE /* Coordinator */ = {
			isa = PBXGroup;
			children = (
				BFC17A4F262090EF0053C1AE /* HisarCoordinator.swift */,
			);
			path = Coordinator;
			sourceTree = "<group>";
		};
		BFDB20D02624697B009FB472 /* Notifications */ = {
			isa = PBXGroup;
			children = (
				BFDB20D4262469A2009FB472 /* Cell */,
				BFDB20D326246999009FB472 /* Coordinator */,
				BFDB20D226246994009FB472 /* ViewModel */,
				BFDB20D12624698A009FB472 /* View */,
			);
			path = Notifications;
			sourceTree = "<group>";
		};
		BFDB20D12624698A009FB472 /* View */ = {
			isa = PBXGroup;
			children = (
				BFDB20D526246A56009FB472 /* NotificationsVC.swift */,
				BFDB20D626246A56009FB472 /* NotificationsVC.xib */,
			);
			path = View;
			sourceTree = "<group>";
		};
		BFDB20D226246994009FB472 /* ViewModel */ = {
			isa = PBXGroup;
			children = (
				BFDB20DC26246A88009FB472 /* NotificationVM.swift */,
			);
			path = ViewModel;
			sourceTree = "<group>";
		};
		BFDB20D326246999009FB472 /* Coordinator */ = {
			isa = PBXGroup;
			children = (
				BFDB20E126246AE7009FB472 /* NotificationCoordinator.swift */,
			);
			path = Coordinator;
			sourceTree = "<group>";
		};
		BFDB20D4262469A2009FB472 /* Cell */ = {
			isa = PBXGroup;
			children = (
				BFDB20F92624954D009FB472 /* NotificationTableViewCell.swift */,
				BFDB20FA2624954D009FB472 /* NotificationTableViewCell.xib */,
			);
			path = Cell;
			sourceTree = "<group>";
		};
		BFDB20EB26246FCD009FB472 /* Network */ = {
			isa = PBXGroup;
			children = (
				BFDB20EC26246FDA009FB472 /* API.swift */,
				BFDB20F426246FEE009FB472 /* NetworkManager.swift */,
			);
			path = Network;
			sourceTree = "<group>";
		};
/* End PBXGroup section */

/* Begin PBXNativeTarget section */
		BF3185AC261A698A0071B3FF /* Istanbul information and travel guide */ = {
			isa = PBXNativeTarget;
			buildConfigurationList = BF3185DA261A698D0071B3FF /* Build configuration list for PBXNativeTarget "Istanbul information and travel guide" */;
			buildPhases = (
				BF3185A9261A698A0071B3FF /* Sources */,
				BF3185AA261A698A0071B3FF /* Frameworks */,
				BF3185AB261A698A0071B3FF /* Resources */,
			);
			buildRules = (
			);
			dependencies = (
			);
			name = "Istanbul information and travel guide";
			packageProductDependencies = (
				BF10C393261A704C00B1E38C /* Lottie */,
				BF6C4FAA261B5BE900A821D3 /* RxSwift */,
				BF6C4FAC261B5BE900A821D3 /* RxRelay */,
				BF6C4FAE261B5BE900A821D3 /* RxCocoa */,
				BF6C4FB0261B5BE900A821D3 /* RxBlocking */,
				BF6C4FB6261B5CE700A821D3 /* Moya */,
				BF6C4FB8261B5CE700A821D3 /* RxMoya */,
				BF6C4FBA261B5CE700A821D3 /* ReactiveMoya */,
				BF6C4FEB261B683500A821D3 /* Atlantis */,
				BFC17A2A262044470053C1AE /* Differentiator */,
				BFC17A2C262044470053C1AE /* RxDataSources */,
			);
			productName = "Istanbul information and travel guide";
			productReference = BF3185AD261A698A0071B3FF /* Istanbul information and travel guide.app */;
			productType = "com.apple.product-type.application";
		};
		BF3185C5261A698D0071B3FF /* Istanbul information and travel guideTests */ = {
			isa = PBXNativeTarget;
			buildConfigurationList = BF3185DD261A698D0071B3FF /* Build configuration list for PBXNativeTarget "Istanbul information and travel guideTests" */;
			buildPhases = (
				BF3185C2261A698D0071B3FF /* Sources */,
				BF3185C3261A698D0071B3FF /* Frameworks */,
				BF3185C4261A698D0071B3FF /* Resources */,
			);
			buildRules = (
			);
			dependencies = (
				BF3185C8261A698D0071B3FF /* PBXTargetDependency */,
			);
			name = "Istanbul information and travel guideTests";
			productName = "Istanbul information and travel guideTests";
			productReference = BF3185C6261A698D0071B3FF /* Istanbul information and travel guideTests.xctest */;
			productType = "com.apple.product-type.bundle.unit-test";
		};
		BF3185D0261A698D0071B3FF /* Istanbul information and travel guideUITests */ = {
			isa = PBXNativeTarget;
			buildConfigurationList = BF3185E0261A698D0071B3FF /* Build configuration list for PBXNativeTarget "Istanbul information and travel guideUITests" */;
			buildPhases = (
				BF3185CD261A698D0071B3FF /* Sources */,
				BF3185CE261A698D0071B3FF /* Frameworks */,
				BF3185CF261A698D0071B3FF /* Resources */,
			);
			buildRules = (
			);
			dependencies = (
				BF3185D3261A698D0071B3FF /* PBXTargetDependency */,
			);
			name = "Istanbul information and travel guideUITests";
			productName = "Istanbul information and travel guideUITests";
			productReference = BF3185D1261A698D0071B3FF /* Istanbul information and travel guideUITests.xctest */;
			productType = "com.apple.product-type.bundle.ui-testing";
		};
/* End PBXNativeTarget section */

/* Begin PBXProject section */
		BF3185A5261A698A0071B3FF /* Project object */ = {
			isa = PBXProject;
			attributes = {
				LastSwiftUpdateCheck = 1240;
				LastUpgradeCheck = 1240;
				TargetAttributes = {
					BF3185AC261A698A0071B3FF = {
						CreatedOnToolsVersion = 12.4;
					};
					BF3185C5261A698D0071B3FF = {
						CreatedOnToolsVersion = 12.4;
						TestTargetID = BF3185AC261A698A0071B3FF;
					};
					BF3185D0261A698D0071B3FF = {
						CreatedOnToolsVersion = 12.4;
						TestTargetID = BF3185AC261A698A0071B3FF;
					};
				};
			};
			buildConfigurationList = BF3185A8261A698A0071B3FF /* Build configuration list for PBXProject "Istanbul information and travel guide" */;
			compatibilityVersion = "Xcode 9.3";
			developmentRegion = en;
			hasScannedForEncodings = 0;
			knownRegions = (
				en,
				Base,
			);
			mainGroup = BF3185A4261A698A0071B3FF;
			packageReferences = (
				BF10C392261A704C00B1E38C /* XCRemoteSwiftPackageReference "lottie-ios" */,
				BF6C4FA9261B5BE900A821D3 /* XCRemoteSwiftPackageReference "RxSwift" */,
				BF6C4FB5261B5CE700A821D3 /* XCRemoteSwiftPackageReference "Moya" */,
				BF6C4FEA261B683500A821D3 /* XCRemoteSwiftPackageReference "atlantis" */,
				BFC17A29262044470053C1AE /* XCRemoteSwiftPackageReference "RxDataSources" */,
			);
			productRefGroup = BF3185AE261A698A0071B3FF /* Products */;
			projectDirPath = "";
			projectRoot = "";
			targets = (
				BF3185AC261A698A0071B3FF /* Istanbul information and travel guide */,
				BF3185C5261A698D0071B3FF /* Istanbul information and travel guideTests */,
				BF3185D0261A698D0071B3FF /* Istanbul information and travel guideUITests */,
			);
		};
/* End PBXProject section */

/* Begin PBXResourcesBuildPhase section */
		BF3185AB261A698A0071B3FF /* Resources */ = {
			isa = PBXResourcesBuildPhase;
			buildActionMask = 2147483647;
			files = (
				BFDB20FC2624954D009FB472 /* NotificationTableViewCell.xib in Resources */,
				BF936665262439C20038E595 /* MeydanlarCollectionViewCell.xib in Resources */,
				BF1CA95C262214D800A305B2 /* CamilerCollectionViewCell.xib in Resources */,
				BF6C4FF7261B6DE700A821D3 /* MainVC.xib in Resources */,
				BF3185C0261A698C0071B3FF /* LaunchScreen.storyboard in Resources */,
				BF6CD72D261F49700045C0E6 /* HisarCollectionViewCell.xib in Resources */,
				BFDB20D826246A56009FB472 /* NotificationsVC.xib in Resources */,
				BF6CD70C261F12DB0045C0E6 /* istanbul.json in Resources */,
				BF1CA963262228CF00A305B2 /* KiliselerCollectionViewCell.xib in Resources */,
				BF3185BD261A698C0071B3FF /* Assets.xcassets in Resources */,
				BFB8B79B262246450089A838 /* CarsilarCollectionViewCell.xib in Resources */,
				BF6C4F78261B430C00A821D3 /* map.json in Resources */,
				BF3185B8261A698A0071B3FF /* Main.storyboard in Resources */,
				BF1CA96A2622327300A305B2 /* SaraylarCollectionViewCell.xib in Resources */,
				BF1CA97126223B6D00A305B2 /* KasirlarCollectionViewCell.xib in Resources */,
				BF93665E262432320038E595 /* MimariYapilarCollectionViewCell.xib in Resources */,
				BF6CD725261F34670045C0E6 /* HomeVC.xib in Resources */,
				BFC17A4326208EE00053C1AE /* HisarVCV.xib in Resources */,
				BFB8B7A2262363710089A838 /* MuzelerCollectionViewCell.xib in Resources */,
			);
			runOnlyForDeploymentPostprocessing = 0;
		};
		BF3185C4261A698D0071B3FF /* Resources */ = {
			isa = PBXResourcesBuildPhase;
			buildActionMask = 2147483647;
			files = (
			);
			runOnlyForDeploymentPostprocessing = 0;
		};
		BF3185CF261A698D0071B3FF /* Resources */ = {
			isa = PBXResourcesBuildPhase;
			buildActionMask = 2147483647;
			files = (
			);
			runOnlyForDeploymentPostprocessing = 0;
		};
/* End PBXResourcesBuildPhase section */

/* Begin PBXSourcesBuildPhase section */
		BF3185A9261A698A0071B3FF /* Sources */ = {
			isa = PBXSourcesBuildPhase;
			buildActionMask = 2147483647;
			files = (
				BF6C4FE6261B672900A821D3 /* AppCoordinator.swift in Sources */,
				BF6C5001261B6ED000A821D3 /* MainCoordinator.swift in Sources */,
				BF6CD72C261F49700045C0E6 /* HisarCollectionViewCell.swift in Sources */,
				BF6C500F261BB14800A821D3 /* BaseTabBar.swift in Sources */,
				BFC17A50262090EF0053C1AE /* HisarCoordinator.swift in Sources */,
				BF6C4FF6261B6DE700A821D3 /* MainVC.swift in Sources */,
				BF3185B5261A698A0071B3FF /* ViewController.swift in Sources */,
				BFDB20E226246AE7009FB472 /* NotificationCoordinator.swift in Sources */,
				BF1CA95B262214D800A305B2 /* CamilerCollectionViewCell.swift in Sources */,
				BFC17A5526209FB10053C1AE /* UIColor+Extension.swift in Sources */,
				BF1CA962262228CF00A305B2 /* KiliselerCollectionViewCell.swift in Sources */,
				BFDB20E726246F98009FB472 /* NotificationResponse.swift in Sources */,
				BF6C5014261BB1BE00A821D3 /* RawRepresentable.swift in Sources */,
				BFDB20DD26246A88009FB472 /* NotificationVM.swift in Sources */,
				BF6C4FC6261B609700A821D3 /* BaseVC.swift in Sources */,
				BFB8B79A262246450089A838 /* CarsilarCollectionViewCell.swift in Sources */,
				BFC17A4B26208EFA0053C1AE /* HisarVM.swift in Sources */,
				BF1CA9692622327300A305B2 /* SaraylarCollectionViewCell.swift in Sources */,
				BF6C4FD4261B619300A821D3 /* UIViewController + Extension.swift in Sources */,
				BF6C4FC0261B5F4900A821D3 /* ReactiveCoordinator.swift in Sources */,
				BF3185BB261A698A0071B3FF /* Istanbul_information_and_travel_guide.xcdatamodeld in Sources */,
				BF6C500A261BB06400A821D3 /* Tabs.swift in Sources */,
				BFDB20ED26246FDA009FB472 /* API.swift in Sources */,
				BF6C5029261BB38700A821D3 /* HomeVM.swift in Sources */,
				BFDB20F526246FEE009FB472 /* NetworkManager.swift in Sources */,
				BF6C501D261BB32600A821D3 /* HomeCoordinator.swift in Sources */,
				BF93665D262432320038E595 /* MimariYapilarCollectionViewCell.swift in Sources */,
				BF6CD712261F191B0045C0E6 /* IstanbulResponse.swift in Sources */,
				BF3185B1261A698A0071B3FF /* AppDelegate.swift in Sources */,
				BF936664262439C20038E595 /* MeydanlarCollectionViewCell.swift in Sources */,
				BF1CA97026223B6D00A305B2 /* KasirlarCollectionViewCell.swift in Sources */,
				BF6CD724261F34670045C0E6 /* HomeVC.swift in Sources */,
				BFC17A4226208EE00053C1AE /* HisarVCV.swift in Sources */,
				BFDB20FB2624954D009FB472 /* NotificationTableViewCell.swift in Sources */,
				BFDB20D726246A56009FB472 /* NotificationsVC.swift in Sources */,
				BF3185B3261A698A0071B3FF /* SceneDelegate.swift in Sources */,
				BF6C4FCB261B60BB00A821D3 /* BaseVM.swift in Sources */,
				BF6C4FDC261B62F800A821D3 /* SplashVM.swift in Sources */,
				BFB8B7A1262363710089A838 /* MuzelerCollectionViewCell.swift in Sources */,
				BFC17A35262046930053C1AE /* DataSourceModel.swift in Sources */,
				BF6C4FFC261B6EA400A821D3 /* MainVM.swift in Sources */,
				BFC17A2526203C860053C1AE /* UIImageView+Download.swift in Sources */,
				BF6C4FE1261B635200A821D3 /* SplashCoordinator.swift in Sources */,
			);
			runOnlyForDeploymentPostprocessing = 0;
		};
		BF3185C2261A698D0071B3FF /* Sources */ = {
			isa = PBXSourcesBuildPhase;
			buildActionMask = 2147483647;
			files = (
				BF3185CB261A698D0071B3FF /* Istanbul_information_and_travel_guideTests.swift in Sources */,
			);
			runOnlyForDeploymentPostprocessing = 0;
		};
		BF3185CD261A698D0071B3FF /* Sources */ = {
			isa = PBXSourcesBuildPhase;
			buildActionMask = 2147483647;
			files = (
				BF3185D6261A698D0071B3FF /* Istanbul_information_and_travel_guideUITests.swift in Sources */,
			);
			runOnlyForDeploymentPostprocessing = 0;
		};
/* End PBXSourcesBuildPhase section */

/* Begin PBXTargetDependency section */
		BF3185C8261A698D0071B3FF /* PBXTargetDependency */ = {
			isa = PBXTargetDependency;
			target = BF3185AC261A698A0071B3FF /* Istanbul information and travel guide */;
			targetProxy = BF3185C7261A698D0071B3FF /* PBXContainerItemProxy */;
		};
		BF3185D3261A698D0071B3FF /* PBXTargetDependency */ = {
			isa = PBXTargetDependency;
			target = BF3185AC261A698A0071B3FF /* Istanbul information and travel guide */;
			targetProxy = BF3185D2261A698D0071B3FF /* PBXContainerItemProxy */;
		};
/* End PBXTargetDependency section */

/* Begin PBXVariantGroup section */
		BF3185B6261A698A0071B3FF /* Main.storyboard */ = {
			isa = PBXVariantGroup;
			children = (
				BF3185B7261A698A0071B3FF /* Base */,
			);
			name = Main.storyboard;
			sourceTree = "<group>";
		};
		BF3185BE261A698C0071B3FF /* LaunchScreen.storyboard */ = {
			isa = PBXVariantGroup;
			children = (
				BF3185BF261A698C0071B3FF /* Base */,
			);
			name = LaunchScreen.storyboard;
			sourceTree = "<group>";
		};
/* End PBXVariantGroup section */

/* Begin XCBuildConfiguration section */
		BF3185D8261A698D0071B3FF /* Debug */ = {
			isa = XCBuildConfiguration;
			buildSettings = {
				ALWAYS_SEARCH_USER_PATHS = NO;
				CLANG_ANALYZER_NONNULL = YES;
				CLANG_ANALYZER_NUMBER_OBJECT_CONVERSION = YES_AGGRESSIVE;
				CLANG_CXX_LANGUAGE_STANDARD = "gnu++14";
				CLANG_CXX_LIBRARY = "libc++";
				CLANG_ENABLE_MODULES = YES;
				CLANG_ENABLE_OBJC_ARC = YES;
				CLANG_ENABLE_OBJC_WEAK = YES;
				CLANG_WARN_BLOCK_CAPTURE_AUTORELEASING = YES;
				CLANG_WARN_BOOL_CONVERSION = YES;
				CLANG_WARN_COMMA = YES;
				CLANG_WARN_CONSTANT_CONVERSION = YES;
				CLANG_WARN_DEPRECATED_OBJC_IMPLEMENTATIONS = YES;
				CLANG_WARN_DIRECT_OBJC_ISA_USAGE = YES_ERROR;
				CLANG_WARN_DOCUMENTATION_COMMENTS = YES;
				CLANG_WARN_EMPTY_BODY = YES;
				CLANG_WARN_ENUM_CONVERSION = YES;
				CLANG_WARN_INFINITE_RECURSION = YES;
				CLANG_WARN_INT_CONVERSION = YES;
				CLANG_WARN_NON_LITERAL_NULL_CONVERSION = YES;
				CLANG_WARN_OBJC_IMPLICIT_RETAIN_SELF = YES;
				CLANG_WARN_OBJC_LITERAL_CONVERSION = YES;
				CLANG_WARN_OBJC_ROOT_CLASS = YES_ERROR;
				CLANG_WARN_QUOTED_INCLUDE_IN_FRAMEWORK_HEADER = YES;
				CLANG_WARN_RANGE_LOOP_ANALYSIS = YES;
				CLANG_WARN_STRICT_PROTOTYPES = YES;
				CLANG_WARN_SUSPICIOUS_MOVE = YES;
				CLANG_WARN_UNGUARDED_AVAILABILITY = YES_AGGRESSIVE;
				CLANG_WARN_UNREACHABLE_CODE = YES;
				CLANG_WARN__DUPLICATE_METHOD_MATCH = YES;
				COPY_PHASE_STRIP = NO;
				DEBUG_INFORMATION_FORMAT = dwarf;
				ENABLE_STRICT_OBJC_MSGSEND = YES;
				ENABLE_TESTABILITY = YES;
				GCC_C_LANGUAGE_STANDARD = gnu11;
				GCC_DYNAMIC_NO_PIC = NO;
				GCC_NO_COMMON_BLOCKS = YES;
				GCC_OPTIMIZATION_LEVEL = 0;
				GCC_PREPROCESSOR_DEFINITIONS = (
					"DEBUG=1",
					"$(inherited)",
				);
				GCC_WARN_64_TO_32_BIT_CONVERSION = YES;
				GCC_WARN_ABOUT_RETURN_TYPE = YES_ERROR;
				GCC_WARN_UNDECLARED_SELECTOR = YES;
				GCC_WARN_UNINITIALIZED_AUTOS = YES_AGGRESSIVE;
				GCC_WARN_UNUSED_FUNCTION = YES;
				GCC_WARN_UNUSED_VARIABLE = YES;
				IPHONEOS_DEPLOYMENT_TARGET = 14.4;
				MTL_ENABLE_DEBUG_INFO = INCLUDE_SOURCE;
				MTL_FAST_MATH = YES;
				ONLY_ACTIVE_ARCH = YES;
				SDKROOT = iphoneos;
				SWIFT_ACTIVE_COMPILATION_CONDITIONS = DEBUG;
				SWIFT_OPTIMIZATION_LEVEL = "-Onone";
			};
			name = Debug;
		};
		BF3185D9261A698D0071B3FF /* Release */ = {
			isa = XCBuildConfiguration;
			buildSettings = {
				ALWAYS_SEARCH_USER_PATHS = NO;
				CLANG_ANALYZER_NONNULL = YES;
				CLANG_ANALYZER_NUMBER_OBJECT_CONVERSION = YES_AGGRESSIVE;
				CLANG_CXX_LANGUAGE_STANDARD = "gnu++14";
				CLANG_CXX_LIBRARY = "libc++";
				CLANG_ENABLE_MODULES = YES;
				CLANG_ENABLE_OBJC_ARC = YES;
				CLANG_ENABLE_OBJC_WEAK = YES;
				CLANG_WARN_BLOCK_CAPTURE_AUTORELEASING = YES;
				CLANG_WARN_BOOL_CONVERSION = YES;
				CLANG_WARN_COMMA = YES;
				CLANG_WARN_CONSTANT_CONVERSION = YES;
				CLANG_WARN_DEPRECATED_OBJC_IMPLEMENTATIONS = YES;
				CLANG_WARN_DIRECT_OBJC_ISA_USAGE = YES_ERROR;
				CLANG_WARN_DOCUMENTATION_COMMENTS = YES;
				CLANG_WARN_EMPTY_BODY = YES;
				CLANG_WARN_ENUM_CONVERSION = YES;
				CLANG_WARN_INFINITE_RECURSION = YES;
				CLANG_WARN_INT_CONVERSION = YES;
				CLANG_WARN_NON_LITERAL_NULL_CONVERSION = YES;
				CLANG_WARN_OBJC_IMPLICIT_RETAIN_SELF = YES;
				CLANG_WARN_OBJC_LITERAL_CONVERSION = YES;
				CLANG_WARN_OBJC_ROOT_CLASS = YES_ERROR;
				CLANG_WARN_QUOTED_INCLUDE_IN_FRAMEWORK_HEADER = YES;
				CLANG_WARN_RANGE_LOOP_ANALYSIS = YES;
				CLANG_WARN_STRICT_PROTOTYPES = YES;
				CLANG_WARN_SUSPICIOUS_MOVE = YES;
				CLANG_WARN_UNGUARDED_AVAILABILITY = YES_AGGRESSIVE;
				CLANG_WARN_UNREACHABLE_CODE = YES;
				CLANG_WARN__DUPLICATE_METHOD_MATCH = YES;
				COPY_PHASE_STRIP = NO;
				DEBUG_INFORMATION_FORMAT = "dwarf-with-dsym";
				ENABLE_NS_ASSERTIONS = NO;
				ENABLE_STRICT_OBJC_MSGSEND = YES;
				GCC_C_LANGUAGE_STANDARD = gnu11;
				GCC_NO_COMMON_BLOCKS = YES;
				GCC_WARN_64_TO_32_BIT_CONVERSION = YES;
				GCC_WARN_ABOUT_RETURN_TYPE = YES_ERROR;
				GCC_WARN_UNDECLARED_SELECTOR = YES;
				GCC_WARN_UNINITIALIZED_AUTOS = YES_AGGRESSIVE;
				GCC_WARN_UNUSED_FUNCTION = YES;
				GCC_WARN_UNUSED_VARIABLE = YES;
				IPHONEOS_DEPLOYMENT_TARGET = 14.4;
				MTL_ENABLE_DEBUG_INFO = NO;
				MTL_FAST_MATH = YES;
				SDKROOT = iphoneos;
				SWIFT_COMPILATION_MODE = wholemodule;
				SWIFT_OPTIMIZATION_LEVEL = "-O";
				VALIDATE_PRODUCT = YES;
			};
			name = Release;
		};
		BF3185DB261A698D0071B3FF /* Debug */ = {
			isa = XCBuildConfiguration;
			buildSettings = {
				ASSETCATALOG_COMPILER_APPICON_NAME = AppIcon;
				ASSETCATALOG_COMPILER_GLOBAL_ACCENT_COLOR_NAME = AccentColor;
				CODE_SIGN_STYLE = Automatic;
				DEVELOPMENT_TEAM = A2K3XSNH6Z;
				INFOPLIST_FILE = "Istanbul information and travel guide/Info.plist";
				LD_RUNPATH_SEARCH_PATHS = (
					"$(inherited)",
					"@executable_path/Frameworks",
				);
				PRODUCT_BUNDLE_IDENTIFIER = "burakarslan.Istanbul-information-and-travel-guide";
				PRODUCT_NAME = "$(TARGET_NAME)";
				SWIFT_VERSION = 5.0;
				TARGETED_DEVICE_FAMILY = "1,2";
			};
			name = Debug;
		};
		BF3185DC261A698D0071B3FF /* Release */ = {
			isa = XCBuildConfiguration;
			buildSettings = {
				ASSETCATALOG_COMPILER_APPICON_NAME = AppIcon;
				ASSETCATALOG_COMPILER_GLOBAL_ACCENT_COLOR_NAME = AccentColor;
				CODE_SIGN_STYLE = Automatic;
				DEVELOPMENT_TEAM = A2K3XSNH6Z;
				INFOPLIST_FILE = "Istanbul information and travel guide/Info.plist";
				LD_RUNPATH_SEARCH_PATHS = (
					"$(inherited)",
					"@executable_path/Frameworks",
				);
				PRODUCT_BUNDLE_IDENTIFIER = "burakarslan.Istanbul-information-and-travel-guide";
				PRODUCT_NAME = "$(TARGET_NAME)";
				SWIFT_VERSION = 5.0;
				TARGETED_DEVICE_FAMILY = "1,2";
			};
			name = Release;
		};
		BF3185DE261A698D0071B3FF /* Debug */ = {
			isa = XCBuildConfiguration;
			buildSettings = {
				ALWAYS_EMBED_SWIFT_STANDARD_LIBRARIES = YES;
				BUNDLE_LOADER = "$(TEST_HOST)";
				CODE_SIGN_STYLE = Automatic;
				DEVELOPMENT_TEAM = A2K3XSNH6Z;
				INFOPLIST_FILE = "Istanbul information and travel guideTests/Info.plist";
				IPHONEOS_DEPLOYMENT_TARGET = 14.4;
				LD_RUNPATH_SEARCH_PATHS = (
					"$(inherited)",
					"@executable_path/Frameworks",
					"@loader_path/Frameworks",
				);
				PRODUCT_BUNDLE_IDENTIFIER = "burakarslan.Istanbul-information-and-travel-guideTests";
				PRODUCT_NAME = "$(TARGET_NAME)";
				SWIFT_VERSION = 5.0;
				TARGETED_DEVICE_FAMILY = "1,2";
				TEST_HOST = "$(BUILT_PRODUCTS_DIR)/Istanbul information and travel guide.app/Istanbul information and travel guide";
			};
			name = Debug;
		};
		BF3185DF261A698D0071B3FF /* Release */ = {
			isa = XCBuildConfiguration;
			buildSettings = {
				ALWAYS_EMBED_SWIFT_STANDARD_LIBRARIES = YES;
				BUNDLE_LOADER = "$(TEST_HOST)";
				CODE_SIGN_STYLE = Automatic;
				DEVELOPMENT_TEAM = A2K3XSNH6Z;
				INFOPLIST_FILE = "Istanbul information and travel guideTests/Info.plist";
				IPHONEOS_DEPLOYMENT_TARGET = 14.4;
				LD_RUNPATH_SEARCH_PATHS = (
					"$(inherited)",
					"@executable_path/Frameworks",
					"@loader_path/Frameworks",
				);
				PRODUCT_BUNDLE_IDENTIFIER = "burakarslan.Istanbul-information-and-travel-guideTests";
				PRODUCT_NAME = "$(TARGET_NAME)";
				SWIFT_VERSION = 5.0;
				TARGETED_DEVICE_FAMILY = "1,2";
				TEST_HOST = "$(BUILT_PRODUCTS_DIR)/Istanbul information and travel guide.app/Istanbul information and travel guide";
			};
			name = Release;
		};
		BF3185E1261A698D0071B3FF /* Debug */ = {
			isa = XCBuildConfiguration;
			buildSettings = {
				ALWAYS_EMBED_SWIFT_STANDARD_LIBRARIES = YES;
				CODE_SIGN_STYLE = Automatic;
				DEVELOPMENT_TEAM = A2K3XSNH6Z;
				INFOPLIST_FILE = "Istanbul information and travel guideUITests/Info.plist";
				LD_RUNPATH_SEARCH_PATHS = (
					"$(inherited)",
					"@executable_path/Frameworks",
					"@loader_path/Frameworks",
				);
				PRODUCT_BUNDLE_IDENTIFIER = "burakarslan.Istanbul-information-and-travel-guideUITests";
				PRODUCT_NAME = "$(TARGET_NAME)";
				SWIFT_VERSION = 5.0;
				TARGETED_DEVICE_FAMILY = "1,2";
				TEST_TARGET_NAME = "Istanbul information and travel guide";
			};
			name = Debug;
		};
		BF3185E2261A698D0071B3FF /* Release */ = {
			isa = XCBuildConfiguration;
			buildSettings = {
				ALWAYS_EMBED_SWIFT_STANDARD_LIBRARIES = YES;
				CODE_SIGN_STYLE = Automatic;
				DEVELOPMENT_TEAM = A2K3XSNH6Z;
				INFOPLIST_FILE = "Istanbul information and travel guideUITests/Info.plist";
				LD_RUNPATH_SEARCH_PATHS = (
					"$(inherited)",
					"@executable_path/Frameworks",
					"@loader_path/Frameworks",
				);
				PRODUCT_BUNDLE_IDENTIFIER = "burakarslan.Istanbul-information-and-travel-guideUITests";
				PRODUCT_NAME = "$(TARGET_NAME)";
				SWIFT_VERSION = 5.0;
				TARGETED_DEVICE_FAMILY = "1,2";
				TEST_TARGET_NAME = "Istanbul information and travel guide";
			};
			name = Release;
		};
/* End XCBuildConfiguration section */

/* Begin XCConfigurationList section */
		BF3185A8261A698A0071B3FF /* Build configuration list for PBXProject "Istanbul information and travel guide" */ = {
			isa = XCConfigurationList;
			buildConfigurations = (
				BF3185D8261A698D0071B3FF /* Debug */,
				BF3185D9261A698D0071B3FF /* Release */,
			);
			defaultConfigurationIsVisible = 0;
			defaultConfigurationName = Release;
		};
		BF3185DA261A698D0071B3FF /* Build configuration list for PBXNativeTarget "Istanbul information and travel guide" */ = {
			isa = XCConfigurationList;
			buildConfigurations = (
				BF3185DB261A698D0071B3FF /* Debug */,
				BF3185DC261A698D0071B3FF /* Release */,
			);
			defaultConfigurationIsVisible = 0;
			defaultConfigurationName = Release;
		};
		BF3185DD261A698D0071B3FF /* Build configuration list for PBXNativeTarget "Istanbul information and travel guideTests" */ = {
			isa = XCConfigurationList;
			buildConfigurations = (
				BF3185DE261A698D0071B3FF /* Debug */,
				BF3185DF261A698D0071B3FF /* Release */,
			);
			defaultConfigurationIsVisible = 0;
			defaultConfigurationName = Release;
		};
		BF3185E0261A698D0071B3FF /* Build configuration list for PBXNativeTarget "Istanbul information and travel guideUITests" */ = {
			isa = XCConfigurationList;
			buildConfigurations = (
				BF3185E1261A698D0071B3FF /* Debug */,
				BF3185E2261A698D0071B3FF /* Release */,
			);
			defaultConfigurationIsVisible = 0;
			defaultConfigurationName = Release;
		};
/* End XCConfigurationList section */

/* Begin XCRemoteSwiftPackageReference section */
		BF10C392261A704C00B1E38C /* XCRemoteSwiftPackageReference "lottie-ios" */ = {
			isa = XCRemoteSwiftPackageReference;
			repositoryURL = "https://github.com/airbnb/lottie-ios.git";
			requirement = {
				kind = upToNextMajorVersion;
				minimumVersion = 3.2.1;
			};
		};
		BF6C4FA9261B5BE900A821D3 /* XCRemoteSwiftPackageReference "RxSwift" */ = {
			isa = XCRemoteSwiftPackageReference;
			repositoryURL = "https://github.com/ReactiveX/RxSwift.git";
			requirement = {
				kind = upToNextMajorVersion;
				minimumVersion = 5.1.1;
			};
		};
		BF6C4FB5261B5CE700A821D3 /* XCRemoteSwiftPackageReference "Moya" */ = {
			isa = XCRemoteSwiftPackageReference;
			repositoryURL = "https://github.com/Moya/Moya.git";
			requirement = {
				kind = upToNextMajorVersion;
				minimumVersion = 14.0.0;
			};
		};
		BF6C4FEA261B683500A821D3 /* XCRemoteSwiftPackageReference "atlantis" */ = {
			isa = XCRemoteSwiftPackageReference;
			repositoryURL = "https://github.com/ProxymanApp/atlantis";
			requirement = {
				kind = upToNextMajorVersion;
				minimumVersion = 1.8.0;
			};
		};
		BFC17A29262044470053C1AE /* XCRemoteSwiftPackageReference "RxDataSources" */ = {
			isa = XCRemoteSwiftPackageReference;
			repositoryURL = "https://github.com/RxSwiftCommunity/RxDataSources.git";
			requirement = {
				kind = upToNextMajorVersion;
				minimumVersion = 4.0.1;
			};
		};
/* End XCRemoteSwiftPackageReference section */

/* Begin XCSwiftPackageProductDependency section */
		BF10C393261A704C00B1E38C /* Lottie */ = {
			isa = XCSwiftPackageProductDependency;
			package = BF10C392261A704C00B1E38C /* XCRemoteSwiftPackageReference "lottie-ios" */;
			productName = Lottie;
		};
		BF6C4FAA261B5BE900A821D3 /* RxSwift */ = {
			isa = XCSwiftPackageProductDependency;
			package = BF6C4FA9261B5BE900A821D3 /* XCRemoteSwiftPackageReference "RxSwift" */;
			productName = RxSwift;
		};
		BF6C4FAC261B5BE900A821D3 /* RxRelay */ = {
			isa = XCSwiftPackageProductDependency;
			package = BF6C4FA9261B5BE900A821D3 /* XCRemoteSwiftPackageReference "RxSwift" */;
			productName = RxRelay;
		};
		BF6C4FAE261B5BE900A821D3 /* RxCocoa */ = {
			isa = XCSwiftPackageProductDependency;
			package = BF6C4FA9261B5BE900A821D3 /* XCRemoteSwiftPackageReference "RxSwift" */;
			productName = RxCocoa;
		};
		BF6C4FB0261B5BE900A821D3 /* RxBlocking */ = {
			isa = XCSwiftPackageProductDependency;
			package = BF6C4FA9261B5BE900A821D3 /* XCRemoteSwiftPackageReference "RxSwift" */;
			productName = RxBlocking;
		};
		BF6C4FB6261B5CE700A821D3 /* Moya */ = {
			isa = XCSwiftPackageProductDependency;
			package = BF6C4FB5261B5CE700A821D3 /* XCRemoteSwiftPackageReference "Moya" */;
			productName = Moya;
		};
		BF6C4FB8261B5CE700A821D3 /* RxMoya */ = {
			isa = XCSwiftPackageProductDependency;
			package = BF6C4FB5261B5CE700A821D3 /* XCRemoteSwiftPackageReference "Moya" */;
			productName = RxMoya;
		};
		BF6C4FBA261B5CE700A821D3 /* ReactiveMoya */ = {
			isa = XCSwiftPackageProductDependency;
			package = BF6C4FB5261B5CE700A821D3 /* XCRemoteSwiftPackageReference "Moya" */;
			productName = ReactiveMoya;
		};
		BF6C4FEB261B683500A821D3 /* Atlantis */ = {
			isa = XCSwiftPackageProductDependency;
			package = BF6C4FEA261B683500A821D3 /* XCRemoteSwiftPackageReference "atlantis" */;
			productName = Atlantis;
		};
		BFC17A2A262044470053C1AE /* Differentiator */ = {
			isa = XCSwiftPackageProductDependency;
			package = BFC17A29262044470053C1AE /* XCRemoteSwiftPackageReference "RxDataSources" */;
			productName = Differentiator;
		};
		BFC17A2C262044470053C1AE /* RxDataSources */ = {
			isa = XCSwiftPackageProductDependency;
			package = BFC17A29262044470053C1AE /* XCRemoteSwiftPackageReference "RxDataSources" */;
			productName = RxDataSources;
		};
/* End XCSwiftPackageProductDependency section */

/* Begin XCVersionGroup section */
		BF3185B9261A698A0071B3FF /* Istanbul_information_and_travel_guide.xcdatamodeld */ = {
			isa = XCVersionGroup;
			children = (
				BF3185BA261A698A0071B3FF /* Istanbul_information_and_travel_guide.xcdatamodel */,
			);
			currentVersion = BF3185BA261A698A0071B3FF /* Istanbul_information_and_travel_guide.xcdatamodel */;
			path = Istanbul_information_and_travel_guide.xcdatamodeld;
			sourceTree = "<group>";
			versionGroupType = wrapper.xcdatamodel;
		};
/* End XCVersionGroup section */
	};
	rootObject = BF3185A5261A698A0071B3FF /* Project object */;
}
